
Microsoft Visual Studio Solution File, Format Version 12.00
Project("{FAE04EC0-301F-11D3-BF4B-00C04F79EFBC}") = "Lunixo.ChromiumGtk", "Lunixo.ChromiumGtk\Lunixo.ChromiumGtk.csproj", "{80AE53AE-6C05-436C-820C-FF4E7D926B3E}"
EndProject
Project("{FAE04EC0-301F-11D3-BF4B-00C04F79EFBC}") = "Lunixo.ChromiumGtk.Linux64", "Lunixo.ChromiumGtk.Linux64\Lunixo.ChromiumGtk.Linux64.csproj", "{F3524B32-A43F-4DCE-B7AE-E8A649F429F5}"
EndProject
Project("{2150E333-8FDC-42A3-9474-1A3956D46DE8}") = "Lunixo.ChromiumGtk.Examples", "Lunixo.ChromiumGtk.Examples", "{6B6BB187-34EA-4337-9EEE-41B0D2EBE132}"
EndProject
Project("{FAE04EC0-301F-11D3-BF4B-00C04F79EFBC}") = "Lunixo.ChromiumGtk.Examples.Container", "Lunixo.ChromiumGtk.Examples.Container\Lunixo.ChromiumGtk.Examples.Container.csproj", "{D431ED85-C6B3-43EA-8ECB-8739CD2BB98E}"
EndProject
Project("{FAE04EC0-301F-11D3-BF4B-00C04F79EFBC}") = "Lunixo.ChromiumGtk.Examples.Simple", "Lunixo.ChromiumGtk.Examples.Simple\Lunixo.ChromiumGtk.Examples.Simple.csproj", "{6481B761-29DE-425D-A97A-64593F60668B}"
EndProject
Global
	GlobalSection(SolutionConfigurationPlatforms) = preSolution
		Debug|Any CPU = Debug|Any CPU
		Release|Any CPU = Release|Any CPU
	EndGlobalSection
	GlobalSection(ProjectConfigurationPlatforms) = postSolution
		{80AE53AE-6C05-436C-820C-FF4E7D926B3E}.Debug|Any CPU.ActiveCfg = Debug|Any CPU
		{80AE53AE-6C05-436C-820C-FF4E7D926B3E}.Debug|Any CPU.Build.0 = Debug|Any CPU
		{80AE53AE-6C05-436C-820C-FF4E7D926B3E}.Release|Any CPU.ActiveCfg = Release|Any CPU
		{80AE53AE-6C05-436C-820C-FF4E7D926B3E}.Release|Any CPU.Build.0 = Release|Any CPU
		{F3524B32-A43F-4DCE-B7AE-E8A649F429F5}.Debug|Any CPU.ActiveCfg = Debug|Any CPU
		{F3524B32-A43F-4DCE-B7AE-E8A649F429F5}.Debug|Any CPU.Build.0 = Debug|Any CPU
		{F3524B32-A43F-4DCE-B7AE-E8A649F429F5}.Release|Any CPU.ActiveCfg = Release|Any CPU
		{F3524B32-A43F-4DCE-B7AE-E8A649F429F5}.Release|Any CPU.Build.0 = Release|Any CPU
		{D431ED85-C6B3-43EA-8ECB-8739CD2BB98E}.Debug|Any CPU.ActiveCfg = Debug|Any CPU
		{D431ED85-C6B3-43EA-8ECB-8739CD2BB98E}.Debug|Any CPU.Build.0 = Debug|Any CPU
		{D431ED85-C6B3-43EA-8ECB-8739CD2BB98E}.Release|Any CPU.ActiveCfg = Release|Any CPU
		{D431ED85-C6B3-43EA-8ECB-8739CD2BB98E}.Release|Any CPU.Build.0 = Release|Any CPU
		{6481B761-29DE-425D-A97A-64593F60668B}.Debug|Any CPU.ActiveCfg = Debug|Any CPU
		{6481B761-29DE-425D-A97A-64593F60668B}.Debug|Any CPU.Build.0 = Debug|Any CPU
		{6481B761-29DE-425D-A97A-64593F60668B}.Release|Any CPU.ActiveCfg = Release|Any CPU
		{6481B761-29DE-425D-A97A-64593F60668B}.Release|Any CPU.Build.0 = Release|Any CPU
	EndGlobalSection
	GlobalSection(NestedProjects) = preSolution
		{D431ED85-C6B3-43EA-8ECB-8739CD2BB98E} = {6B6BB187-34EA-4337-9EEE-41B0D2EBE132}
		{6481B761-29DE-425D-A97A-64593F60668B} = {6B6BB187-34EA-4337-9EEE-41B0D2EBE132}
	EndGlobalSection
EndGlobal
